
Microsoft Visual Studio Solution File, Format Version 12.00
# Visual Studio Version 17
VisualStudioVersion = 17.14.36616.10
MinimumVisualStudioVersion = 10.0.40219.1
Project("{FAE04EC0-301F-11D3-BF4B-00C04F79EFBC}") = "PdfReader", "PdfReader.csproj", "{AAD22D11-1315-48F4-9F47-A7652F156F1D}"
EndProject
Project("{FAE04EC0-301F-11D3-BF4B-00C04F79EFBC}") = "PhisUploadRecord", "..\PhisUploadRecord\PhisUploadRecord.csproj", "{BA429FCF-FD3E-4D20-83A7-41E543629349}"
EndProject
Project("{FAE04EC0-301F-11D3-BF4B-00C04F79EFBC}") = "CsvProcessor", "..\CsvProcessor\CsvProcessor.csproj", "{992574B8-137B-488E-BD73-9895138EB246}"
EndProject
Global
	GlobalSection(SolutionConfigurationPlatforms) = preSolution
		Debug|Any CPU = Debug|Any CPU
		Release|Any CPU = Release|Any CPU
	EndGlobalSection
	GlobalSection(ProjectConfigurationPlatforms) = postSolution
		{AAD22D11-1315-48F4-9F47-A7652F156F1D}.Debug|Any CPU.ActiveCfg = Debug|Any CPU
		{AAD22D11-1315-48F4-9F47-A7652F156F1D}.Debug|Any CPU.Build.0 = Debug|Any CPU
		{AAD22D11-1315-48F4-9F47-A7652F156F1D}.Release|Any CPU.ActiveCfg = Release|Any CPU
		{AAD22D11-1315-48F4-9F47-A7652F156F1D}.Release|Any CPU.Build.0 = Release|Any CPU
		{BA429FCF-FD3E-4D20-83A7-41E543629349}.Debug|Any CPU.ActiveCfg = Debug|Any CPU
		{BA429FCF-FD3E-4D20-83A7-41E543629349}.Debug|Any CPU.Build.0 = Debug|Any CPU
		{BA429FCF-FD3E-4D20-83A7-41E543629349}.Release|Any CPU.ActiveCfg = Release|Any CPU
		{BA429FCF-FD3E-4D20-83A7-41E543629349}.Release|Any CPU.Build.0 = Release|Any CPU
		{992574B8-137B-488E-BD73-9895138EB246}.Debug|Any CPU.ActiveCfg = Debug|Any CPU
		{992574B8-137B-488E-BD73-9895138EB246}.Debug|Any CPU.Build.0 = Debug|Any CPU
		{992574B8-137B-488E-BD73-9895138EB246}.Release|Any CPU.ActiveCfg = Release|Any CPU
		{992574B8-137B-488E-BD73-9895138EB246}.Release|Any CPU.Build.0 = Release|Any CPU
	EndGlobalSection
	GlobalSection(SolutionProperties) = preSolution
		HideSolutionNode = FALSE
	EndGlobalSection
	GlobalSection(ExtensibilityGlobals) = postSolution
		SolutionGuid = {7049DC1B-4DE9-42A5-8587-EDC143375F38}
	EndGlobalSection
EndGlobal
